<?xml version="1.0" encoding="UTF-8"?>
<Scheme
   version = "1.3">
   <BuildAction>
      <BuildActionEntries>
         <BuildActionEntry
            buildForRunning = "YES"
            buildForTesting = "YES">
            <BuildableReference
               BuildableIdentifier = "primary"
               BlueprintIdentifier = "B0E8D73B1D3CE01D000CCE0C"
               BuildableName = "InjectTests IOS.xctest"
               BlueprintName = "InjectTests IOS"
               ReferencedContainer = "container:Inject.xcodeproj">
            </BuildableReference>
         </BuildActionEntry>
      </BuildActionEntries>
   </BuildAction>
   <TestAction
      buildConfiguration = "Debug">
      <Testables>
         <TestableReference>
            <BuildableReference
               BuildableIdentifier = "primary"
               BlueprintIdentifier = "B0E8D73B1D3CE01D000CCE0C"
               BuildableName = "InjectTests IOS.xctest"
               BlueprintName = "InjectTests IOS"
               ReferencedContainer = "container:Inject.xcodeproj">
            </BuildableReference>
            <SkippedTests>
               <Test
                  Identifier = "ClassesTests">
               </Test>
               <Test
                  Identifier = "ConversionTest">
               </Test>
               <Test
                  Identifier = "JSONTests">
               </Test>
               <Test
                  Identifier = "LoggerTests">
               </Test>
               <Test
                  Identifier = "MapperTests">
               </Test>
               <Test
                  Identifier = "PlaygroundTest">
               </Test>
               <Test
                  Identifier = "PromiseTest">
               </Test>
               <Test
                  Identifier = "SampleTest">
               </Test>
            </SkippedTests>
         </TestableReference>
      </Testables>
   </TestAction>
   <LaunchAction
      useCustomWorkingDirectory = "NO">
   </LaunchAction>
</Scheme>
